// !$*UTF8*$!
{
	archiveVersion = 1;
	classes = {
	};
	objectVersion = 50;
	objects = {

/* Begin PBXBuildFile section */
		CD10019F226021CE009FD15D /* AppDelegate.swift in Sources */ = {isa = PBXBuildFile; fileRef = CD10019E226021CE009FD15D /* AppDelegate.swift */; };
		CD1001A4226021CE009FD15D /* Main.storyboard in Resources */ = {isa = PBXBuildFile; fileRef = CD1001A2226021CE009FD15D /* Main.storyboard */; };
		CD1001A6226021CF009FD15D /* Assets.xcassets in Resources */ = {isa = PBXBuildFile; fileRef = CD1001A5226021CF009FD15D /* Assets.xcassets */; };
		CD1001A9226021CF009FD15D /* LaunchScreen.storyboard in Resources */ = {isa = PBXBuildFile; fileRef = CD1001A7226021CF009FD15D /* LaunchScreen.storyboard */; };
		CD1001B4226021CF009FD15D /* SPSchedulingTests.swift in Sources */ = {isa = PBXBuildFile; fileRef = CD1001B3226021CF009FD15D /* SPSchedulingTests.swift */; };
		CD1001C22260234B009FD15D /* stubGetServices.json in Resources */ = {isa = PBXBuildFile; fileRef = CD1001C12260234B009FD15D /* stubGetServices.json */; };
		CD1001C422602386009FD15D /* stubGetLocations.json in Resources */ = {isa = PBXBuildFile; fileRef = CD1001C322602386009FD15D /* stubGetLocations.json */; };
		CD1001C8226024E9009FD15D /* Service.swift in Sources */ = {isa = PBXBuildFile; fileRef = CD1001C7226024E9009FD15D /* Service.swift */; };
		CD1001CA22602594009FD15D /* Location.swift in Sources */ = {isa = PBXBuildFile; fileRef = CD1001C922602594009FD15D /* Location.swift */; };
		CD1001CC226027A4009FD15D /* APIResponseProtocols.swift in Sources */ = {isa = PBXBuildFile; fileRef = CD1001CB226027A4009FD15D /* APIResponseProtocols.swift */; };
		CD99C2C02261ABDE00B46AB4 /* DataManagerProtocol.swift in Sources */ = {isa = PBXBuildFile; fileRef = CD99C2BF2261ABDE00B46AB4 /* DataManagerProtocol.swift */; };
		CD99C2C22261ABE800B46AB4 /* RemoteDataManager.swift in Sources */ = {isa = PBXBuildFile; fileRef = CD99C2C12261ABE800B46AB4 /* RemoteDataManager.swift */; };
		CD99C2C42261ABF000B46AB4 /* StubDataManager.swift in Sources */ = {isa = PBXBuildFile; fileRef = CD99C2C32261ABF000B46AB4 /* StubDataManager.swift */; };
		CD99C2C62261ABFE00B46AB4 /* Request.swift in Sources */ = {isa = PBXBuildFile; fileRef = CD99C2C52261ABFE00B46AB4 /* Request.swift */; };
		CD99C2C82261AC0500B46AB4 /* APIClient.swift in Sources */ = {isa = PBXBuildFile; fileRef = CD99C2C72261AC0500B46AB4 /* APIClient.swift */; };
		CD99C2CA2261AC0F00B46AB4 /* APIProtocols.swift in Sources */ = {isa = PBXBuildFile; fileRef = CD99C2C92261AC0F00B46AB4 /* APIProtocols.swift */; };
		CD99C2CC2261B21800B46AB4 /* APIRequestProtocol.swift in Sources */ = {isa = PBXBuildFile; fileRef = CD99C2CB2261B21800B46AB4 /* APIRequestProtocol.swift */; };
		CD99C2D32261D68D00B46AB4 /* SchedulingSplitViewContoller.swift in Sources */ = {isa = PBXBuildFile; fileRef = CD99C2D22261D68D00B46AB4 /* SchedulingSplitViewContoller.swift */; };
		CD99C2DB2262985C00B46AB4 /* ServicesCollectionViewController.swift in Sources */ = {isa = PBXBuildFile; fileRef = CD99C2DA2262985C00B46AB4 /* ServicesCollectionViewController.swift */; };
		CD99C2DD226298A800B46AB4 /* LocationsCollectionViewController.swift in Sources */ = {isa = PBXBuildFile; fileRef = CD99C2DC226298A800B46AB4 /* LocationsCollectionViewController.swift */; };
		CD99C2DF2262BC6F00B46AB4 /* ClinicianViewController.storyboard in Resources */ = {isa = PBXBuildFile; fileRef = CD99C2DE2262BC6F00B46AB4 /* ClinicianViewController.storyboard */; };
		CD99C2E22262C19F00B46AB4 /* ClinicianViewController.swift in Sources */ = {isa = PBXBuildFile; fileRef = CD99C2E12262C19F00B46AB4 /* ClinicianViewController.swift */; };
		CD99C2E42262C1AA00B46AB4 /* DateTimeViewController.swift in Sources */ = {isa = PBXBuildFile; fileRef = CD99C2E32262C1AA00B46AB4 /* DateTimeViewController.swift */; };
		CD99C2E62262C1B700B46AB4 /* YourInfoViewController.swift in Sources */ = {isa = PBXBuildFile; fileRef = CD99C2E52262C1B700B46AB4 /* YourInfoViewController.swift */; };
		CD99C2E82262C4F300B46AB4 /* DateTimeViewController.storyboard in Resources */ = {isa = PBXBuildFile; fileRef = CD99C2E72262C4F300B46AB4 /* DateTimeViewController.storyboard */; };
		CD99C2EA2262C76F00B46AB4 /* YourInfoViewController.storyboard in Resources */ = {isa = PBXBuildFile; fileRef = CD99C2E92262C76F00B46AB4 /* YourInfoViewController.storyboard */; };
		CD99C2EC2262CEF500B46AB4 /* SchedulingDataProtocol.swift in Sources */ = {isa = PBXBuildFile; fileRef = CD99C2EB2262CEF500B46AB4 /* SchedulingDataProtocol.swift */; };
		CD99C2EE2262CF2B00B46AB4 /* ClientInfo.swift in Sources */ = {isa = PBXBuildFile; fileRef = CD99C2ED2262CF2B00B46AB4 /* ClientInfo.swift */; };
		CD99C2F12262D0A900B46AB4 /* Int+TimeInterval.swift in Sources */ = {isa = PBXBuildFile; fileRef = CD99C2F02262D0A900B46AB4 /* Int+TimeInterval.swift */; };
		CD99C2F32262D21800B46AB4 /* UICollectionViewCell+Shadow.swift in Sources */ = {isa = PBXBuildFile; fileRef = CD99C2F22262D21800B46AB4 /* UICollectionViewCell+Shadow.swift */; };
		CD99C2F52262D22700B46AB4 /* UIButton+Format.swift in Sources */ = {isa = PBXBuildFile; fileRef = CD99C2F42262D22700B46AB4 /* UIButton+Format.swift */; };
		CD99C2FD2262D36A00B46AB4 /* AppointmentTime.swift in Sources */ = {isa = PBXBuildFile; fileRef = CD99C2FC2262D36A00B46AB4 /* AppointmentTime.swift */; };
		CD99C3012262D53900B46AB4 /* SchedulingDetailProtocol.swift in Sources */ = {isa = PBXBuildFile; fileRef = CD99C3002262D53900B46AB4 /* SchedulingDetailProtocol.swift */; };
		CD99C3032262D56100B46AB4 /* SchedulingDetailCollectionProtocol.swift in Sources */ = {isa = PBXBuildFile; fileRef = CD99C3022262D56100B46AB4 /* SchedulingDetailCollectionProtocol.swift */; };
		CD99C3052263A13300B46AB4 /* Container.storyboard in Resources */ = {isa = PBXBuildFile; fileRef = CD99C3042263A13300B46AB4 /* Container.storyboard */; };
		CD99C3072263E4B500B46AB4 /* LocalDataManager.swift in Sources */ = {isa = PBXBuildFile; fileRef = CD99C3062263E4B500B46AB4 /* LocalDataManager.swift */; };
		CD99C3092263E4BE00B46AB4 /* HybridDataManager.swift in Sources */ = {isa = PBXBuildFile; fileRef = CD99C3082263E4BE00B46AB4 /* HybridDataManager.swift */; };
		CDEEB49322604D7100E01CAE /* LaunchViewController.swift in Sources */ = {isa = PBXBuildFile; fileRef = CDEEB49222604D7100E01CAE /* LaunchViewController.swift */; };
		CDEEB49522604E0D00E01CAE /* SchedulingWidget.swift in Sources */ = {isa = PBXBuildFile; fileRef = CDEEB49422604E0D00E01CAE /* SchedulingWidget.swift */; };
		CDEEB49E226057EC00E01CAE /* ServiceCell.swift in Sources */ = {isa = PBXBuildFile; fileRef = CDEEB49C226057EC00E01CAE /* ServiceCell.swift */; };
		CDEEB49F226057EC00E01CAE /* ServiceCell.xib in Resources */ = {isa = PBXBuildFile; fileRef = CDEEB49D226057EC00E01CAE /* ServiceCell.xib */; };
		CDEEB4A22260581900E01CAE /* LocationCell.swift in Sources */ = {isa = PBXBuildFile; fileRef = CDEEB4A02260581900E01CAE /* LocationCell.swift */; };
		CDEEB4A32260581900E01CAE /* LocationCell.xib in Resources */ = {isa = PBXBuildFile; fileRef = CDEEB4A12260581900E01CAE /* LocationCell.xib */; };
		CDEEB4A62260582C00E01CAE /* SchedulingStepCell.swift in Sources */ = {isa = PBXBuildFile; fileRef = CDEEB4A42260582C00E01CAE /* SchedulingStepCell.swift */; };
		CDEEB4AA22605AF600E01CAE /* UIColor+SchedulingWidget.swift in Sources */ = {isa = PBXBuildFile; fileRef = CDEEB4A922605AF600E01CAE /* UIColor+SchedulingWidget.swift */; };
		CDEEB4AC22605D6C00E01CAE /* SchedulingSplitViewController.storyboard in Resources */ = {isa = PBXBuildFile; fileRef = CDEEB4AB22605D6C00E01CAE /* SchedulingSplitViewController.storyboard */; };
		CDEEB4AE2260610300E01CAE /* SchedulingStepController.swift in Sources */ = {isa = PBXBuildFile; fileRef = CDEEB4AD2260610300E01CAE /* SchedulingStepController.swift */; };
		CDEEB4B0226061A900E01CAE /* TableCellProtocol.swift in Sources */ = {isa = PBXBuildFile; fileRef = CDEEB4AF226061A900E01CAE /* TableCellProtocol.swift */; };
		CDEEB4B622607F9900E01CAE /* SchedulingStepCell.xib in Resources */ = {isa = PBXBuildFile; fileRef = CDEEB4B422607F9900E01CAE /* SchedulingStepCell.xib */; };
		CDEEB4B82260820900E01CAE /* SchedulingStep.swift in Sources */ = {isa = PBXBuildFile; fileRef = CDEEB4B72260820900E01CAE /* SchedulingStep.swift */; };
		CDEEB4BA2260821300E01CAE /* SchedulingStepViewModel.swift in Sources */ = {isa = PBXBuildFile; fileRef = CDEEB4B92260821300E01CAE /* SchedulingStepViewModel.swift */; };
		CDEEB4BD226086A900E01CAE /* Clinician.swift in Sources */ = {isa = PBXBuildFile; fileRef = CDEEB4BC226086A900E01CAE /* Clinician.swift */; };
/* End PBXBuildFile section */

/* Begin PBXContainerItemProxy section */
		CD1001B0226021CF009FD15D /* PBXContainerItemProxy */ = {
			isa = PBXContainerItemProxy;
			containerPortal = CD100193226021CD009FD15D /* Project object */;
			proxyType = 1;
			remoteGlobalIDString = CD10019A226021CD009FD15D;
			remoteInfo = SPScheduling;
		};
/* End PBXContainerItemProxy section */

/* Begin PBXFileReference section */
		CD10019B226021CD009FD15D /* SPScheduling.app */ = {isa = PBXFileReference; explicitFileType = wrapper.application; includeInIndex = 0; path = SPScheduling.app; sourceTree = BUILT_PRODUCTS_DIR; };
		CD10019E226021CE009FD15D /* AppDelegate.swift */ = {isa = PBXFileReference; lastKnownFileType = sourcecode.swift; path = AppDelegate.swift; sourceTree = "<group>"; };
		CD1001A3226021CE009FD15D /* Base */ = {isa = PBXFileReference; lastKnownFileType = file.storyboard; name = Base; path = Base.lproj/Main.storyboard; sourceTree = "<group>"; };
		CD1001A5226021CF009FD15D /* Assets.xcassets */ = {isa = PBXFileReference; lastKnownFileType = folder.assetcatalog; path = Assets.xcassets; sourceTree = "<group>"; };
		CD1001A8226021CF009FD15D /* Base */ = {isa = PBXFileReference; lastKnownFileType = file.storyboard; name = Base; path = Base.lproj/LaunchScreen.storyboard; sourceTree = "<group>"; };
		CD1001AF226021CF009FD15D /* SPSchedulingTests.xctest */ = {isa = PBXFileReference; explicitFileType = wrapper.cfbundle; includeInIndex = 0; path = SPSchedulingTests.xctest; sourceTree = BUILT_PRODUCTS_DIR; };
		CD1001B3226021CF009FD15D /* SPSchedulingTests.swift */ = {isa = PBXFileReference; lastKnownFileType = sourcecode.swift; path = SPSchedulingTests.swift; sourceTree = "<group>"; };
		CD1001B5226021CF009FD15D /* Info.plist */ = {isa = PBXFileReference; lastKnownFileType = text.plist.xml; path = Info.plist; sourceTree = "<group>"; };
		CD1001C12260234B009FD15D /* stubGetServices.json */ = {isa = PBXFileReference; lastKnownFileType = text.json; path = stubGetServices.json; sourceTree = "<group>"; };
		CD1001C322602386009FD15D /* stubGetLocations.json */ = {isa = PBXFileReference; lastKnownFileType = text.json; path = stubGetLocations.json; sourceTree = "<group>"; };
		CD1001C7226024E9009FD15D /* Service.swift */ = {isa = PBXFileReference; lastKnownFileType = sourcecode.swift; path = Service.swift; sourceTree = "<group>"; };
		CD1001C922602594009FD15D /* Location.swift */ = {isa = PBXFileReference; lastKnownFileType = sourcecode.swift; path = Location.swift; sourceTree = "<group>"; };
		CD1001CB226027A4009FD15D /* APIResponseProtocols.swift */ = {isa = PBXFileReference; lastKnownFileType = sourcecode.swift; path = APIResponseProtocols.swift; sourceTree = "<group>"; };
		CD99C2BF2261ABDE00B46AB4 /* DataManagerProtocol.swift */ = {isa = PBXFileReference; lastKnownFileType = sourcecode.swift; path = DataManagerProtocol.swift; sourceTree = "<group>"; };
		CD99C2C12261ABE800B46AB4 /* RemoteDataManager.swift */ = {isa = PBXFileReference; lastKnownFileType = sourcecode.swift; path = RemoteDataManager.swift; sourceTree = "<group>"; };
		CD99C2C32261ABF000B46AB4 /* StubDataManager.swift */ = {isa = PBXFileReference; lastKnownFileType = sourcecode.swift; path = StubDataManager.swift; sourceTree = "<group>"; };
		CD99C2C52261ABFE00B46AB4 /* Request.swift */ = {isa = PBXFileReference; lastKnownFileType = sourcecode.swift; path = Request.swift; sourceTree = "<group>"; };
		CD99C2C72261AC0500B46AB4 /* APIClient.swift */ = {isa = PBXFileReference; lastKnownFileType = sourcecode.swift; path = APIClient.swift; sourceTree = "<group>"; };
		CD99C2C92261AC0F00B46AB4 /* APIProtocols.swift */ = {isa = PBXFileReference; lastKnownFileType = sourcecode.swift; path = APIProtocols.swift; sourceTree = "<group>"; };
		CD99C2CB2261B21800B46AB4 /* APIRequestProtocol.swift */ = {isa = PBXFileReference; lastKnownFileType = sourcecode.swift; path = APIRequestProtocol.swift; sourceTree = "<group>"; };
		CD99C2D22261D68D00B46AB4 /* SchedulingSplitViewContoller.swift */ = {isa = PBXFileReference; lastKnownFileType = sourcecode.swift; name = SchedulingSplitViewContoller.swift; path = SPScheduling/Source/SchedulingSplitViewContoller.swift; sourceTree = "<group>"; };
		CD99C2DA2262985C00B46AB4 /* ServicesCollectionViewController.swift */ = {isa = PBXFileReference; lastKnownFileType = sourcecode.swift; path = ServicesCollectionViewController.swift; sourceTree = "<group>"; };
		CD99C2DC226298A800B46AB4 /* LocationsCollectionViewController.swift */ = {isa = PBXFileReference; lastKnownFileType = sourcecode.swift; path = LocationsCollectionViewController.swift; sourceTree = "<group>"; };
		CD99C2DE2262BC6F00B46AB4 /* ClinicianViewController.storyboard */ = {isa = PBXFileReference; lastKnownFileType = file.storyboard; path = ClinicianViewController.storyboard; sourceTree = "<group>"; };
		CD99C2E12262C19F00B46AB4 /* ClinicianViewController.swift */ = {isa = PBXFileReference; lastKnownFileType = sourcecode.swift; path = ClinicianViewController.swift; sourceTree = "<group>"; };
		CD99C2E32262C1AA00B46AB4 /* DateTimeViewController.swift */ = {isa = PBXFileReference; lastKnownFileType = sourcecode.swift; path = DateTimeViewController.swift; sourceTree = "<group>"; };
		CD99C2E52262C1B700B46AB4 /* YourInfoViewController.swift */ = {isa = PBXFileReference; lastKnownFileType = sourcecode.swift; path = YourInfoViewController.swift; sourceTree = "<group>"; };
		CD99C2E72262C4F300B46AB4 /* DateTimeViewController.storyboard */ = {isa = PBXFileReference; lastKnownFileType = file.storyboard; path = DateTimeViewController.storyboard; sourceTree = "<group>"; };
		CD99C2E92262C76F00B46AB4 /* YourInfoViewController.storyboard */ = {isa = PBXFileReference; lastKnownFileType = file.storyboard; path = YourInfoViewController.storyboard; sourceTree = "<group>"; };
		CD99C2EB2262CEF500B46AB4 /* SchedulingDataProtocol.swift */ = {isa = PBXFileReference; lastKnownFileType = sourcecode.swift; path = SchedulingDataProtocol.swift; sourceTree = "<group>"; };
		CD99C2ED2262CF2B00B46AB4 /* ClientInfo.swift */ = {isa = PBXFileReference; lastKnownFileType = sourcecode.swift; path = ClientInfo.swift; sourceTree = "<group>"; };
		CD99C2F02262D0A900B46AB4 /* Int+TimeInterval.swift */ = {isa = PBXFileReference; lastKnownFileType = sourcecode.swift; path = "Int+TimeInterval.swift"; sourceTree = "<group>"; };
		CD99C2F22262D21800B46AB4 /* UICollectionViewCell+Shadow.swift */ = {isa = PBXFileReference; lastKnownFileType = sourcecode.swift; path = "UICollectionViewCell+Shadow.swift"; sourceTree = "<group>"; };
		CD99C2F42262D22700B46AB4 /* UIButton+Format.swift */ = {isa = PBXFileReference; lastKnownFileType = sourcecode.swift; path = "UIButton+Format.swift"; sourceTree = "<group>"; };
		CD99C2FC2262D36A00B46AB4 /* AppointmentTime.swift */ = {isa = PBXFileReference; lastKnownFileType = sourcecode.swift; path = AppointmentTime.swift; sourceTree = "<group>"; };
		CD99C3002262D53900B46AB4 /* SchedulingDetailProtocol.swift */ = {isa = PBXFileReference; lastKnownFileType = sourcecode.swift; path = SchedulingDetailProtocol.swift; sourceTree = "<group>"; };
		CD99C3022262D56100B46AB4 /* SchedulingDetailCollectionProtocol.swift */ = {isa = PBXFileReference; lastKnownFileType = sourcecode.swift; path = SchedulingDetailCollectionProtocol.swift; sourceTree = "<group>"; };
		CD99C3042263A13300B46AB4 /* Container.storyboard */ = {isa = PBXFileReference; lastKnownFileType = file.storyboard; path = Container.storyboard; sourceTree = "<group>"; };
		CD99C3062263E4B500B46AB4 /* LocalDataManager.swift */ = {isa = PBXFileReference; lastKnownFileType = sourcecode.swift; path = LocalDataManager.swift; sourceTree = "<group>"; };
		CD99C3082263E4BE00B46AB4 /* HybridDataManager.swift */ = {isa = PBXFileReference; lastKnownFileType = sourcecode.swift; path = HybridDataManager.swift; sourceTree = "<group>"; };
		CDEEB49222604D7100E01CAE /* LaunchViewController.swift */ = {isa = PBXFileReference; lastKnownFileType = sourcecode.swift; path = LaunchViewController.swift; sourceTree = "<group>"; };
		CDEEB49422604E0D00E01CAE /* SchedulingWidget.swift */ = {isa = PBXFileReference; lastKnownFileType = sourcecode.swift; path = SchedulingWidget.swift; sourceTree = "<group>"; };
		CDEEB498226050AF00E01CAE /* Info.plist */ = {isa = PBXFileReference; fileEncoding = 4; lastKnownFileType = text.plist.xml; path = Info.plist; sourceTree = "<group>"; };
		CDEEB49C226057EC00E01CAE /* ServiceCell.swift */ = {isa = PBXFileReference; lastKnownFileType = sourcecode.swift; path = ServiceCell.swift; sourceTree = "<group>"; };
		CDEEB49D226057EC00E01CAE /* ServiceCell.xib */ = {isa = PBXFileReference; lastKnownFileType = file.xib; path = ServiceCell.xib; sourceTree = "<group>"; };
		CDEEB4A02260581900E01CAE /* LocationCell.swift */ = {isa = PBXFileReference; lastKnownFileType = sourcecode.swift; path = LocationCell.swift; sourceTree = "<group>"; };
		CDEEB4A12260581900E01CAE /* LocationCell.xib */ = {isa = PBXFileReference; lastKnownFileType = file.xib; path = LocationCell.xib; sourceTree = "<group>"; };
		CDEEB4A42260582C00E01CAE /* SchedulingStepCell.swift */ = {isa = PBXFileReference; lastKnownFileType = sourcecode.swift; path = SchedulingStepCell.swift; sourceTree = "<group>"; };
		CDEEB4A922605AF600E01CAE /* UIColor+SchedulingWidget.swift */ = {isa = PBXFileReference; lastKnownFileType = sourcecode.swift; path = "UIColor+SchedulingWidget.swift"; sourceTree = "<group>"; };
		CDEEB4AB22605D6C00E01CAE /* SchedulingSplitViewController.storyboard */ = {isa = PBXFileReference; lastKnownFileType = file.storyboard; path = SchedulingSplitViewController.storyboard; sourceTree = "<group>"; };
		CDEEB4AD2260610300E01CAE /* SchedulingStepController.swift */ = {isa = PBXFileReference; lastKnownFileType = sourcecode.swift; path = SchedulingStepController.swift; sourceTree = "<group>"; };
		CDEEB4AF226061A900E01CAE /* TableCellProtocol.swift */ = {isa = PBXFileReference; lastKnownFileType = sourcecode.swift; path = TableCellProtocol.swift; sourceTree = "<group>"; };
		CDEEB4B422607F9900E01CAE /* SchedulingStepCell.xib */ = {isa = PBXFileReference; lastKnownFileType = file.xib; path = SchedulingStepCell.xib; sourceTree = "<group>"; };
		CDEEB4B72260820900E01CAE /* SchedulingStep.swift */ = {isa = PBXFileReference; lastKnownFileType = sourcecode.swift; path = SchedulingStep.swift; sourceTree = "<group>"; };
		CDEEB4B92260821300E01CAE /* SchedulingStepViewModel.swift */ = {isa = PBXFileReference; lastKnownFileType = sourcecode.swift; path = SchedulingStepViewModel.swift; sourceTree = "<group>"; };
		CDEEB4BC226086A900E01CAE /* Clinician.swift */ = {isa = PBXFileReference; lastKnownFileType = sourcecode.swift; path = Clinician.swift; sourceTree = "<group>"; };
/* End PBXFileReference section */

/* Begin PBXFrameworksBuildPhase section */
		CD100198226021CD009FD15D /* Frameworks */ = {
			isa = PBXFrameworksBuildPhase;
			buildActionMask = 2147483647;
			files = (
			);
			runOnlyForDeploymentPostprocessing = 0;
		};
		CD1001AC226021CF009FD15D /* Frameworks */ = {
			isa = PBXFrameworksBuildPhase;
			buildActionMask = 2147483647;
			files = (
			);
			runOnlyForDeploymentPostprocessing = 0;
		};
/* End PBXFrameworksBuildPhase section */

/* Begin PBXGroup section */
		CD100192226021CD009FD15D = {
			isa = PBXGroup;
			children = (
				CD99C2D22261D68D00B46AB4 /* SchedulingSplitViewContoller.swift */,
				CD10019D226021CD009FD15D /* SPScheduling */,
				CD1001B2226021CF009FD15D /* SPSchedulingTests */,
				CD10019C226021CD009FD15D /* Products */,
			);
			sourceTree = "<group>";
		};
		CD10019C226021CD009FD15D /* Products */ = {
			isa = PBXGroup;
			children = (
				CD10019B226021CD009FD15D /* SPScheduling.app */,
				CD1001AF226021CF009FD15D /* SPSchedulingTests.xctest */,
			);
			name = Products;
			sourceTree = "<group>";
		};
		CD10019D226021CD009FD15D /* SPScheduling */ = {
			isa = PBXGroup;
			children = (
				CDEEB498226050AF00E01CAE /* Info.plist */,
				CD1001C5226024AD009FD15D /* Source */,
				CD1001BE22602317009FD15D /* Resources */,
			);
			path = SPScheduling;
			sourceTree = "<group>";
		};
		CD1001B2226021CF009FD15D /* SPSchedulingTests */ = {
			isa = PBXGroup;
			children = (
				CD1001B3226021CF009FD15D /* SPSchedulingTests.swift */,
				CD1001B5226021CF009FD15D /* Info.plist */,
			);
			path = SPSchedulingTests;
			sourceTree = "<group>";
		};
		CD1001BE22602317009FD15D /* Resources */ = {
			isa = PBXGroup;
			children = (
				CD1001A5226021CF009FD15D /* Assets.xcassets */,
				CD1001C02260232D009FD15D /* Stubs */,
				CD1001BF22602323009FD15D /* Views */,
				CD1001A7226021CF009FD15D /* LaunchScreen.storyboard */,
			);
			path = Resources;
			sourceTree = "<group>";
		};
		CD1001BF22602323009FD15D /* Views */ = {
			isa = PBXGroup;
			children = (
				CD99C2FF2262D45700B46AB4 /* Screens */,
				CD99C2FE2262D3F400B46AB4 /* Cells */,
				CD1001A2226021CE009FD15D /* Main.storyboard */,
				CD99C3042263A13300B46AB4 /* Container.storyboard */,
				CDEEB4AB22605D6C00E01CAE /* SchedulingSplitViewController.storyboard */,
			);
			path = Views;
			sourceTree = "<group>";
		};
		CD1001C02260232D009FD15D /* Stubs */ = {
			isa = PBXGroup;
			children = (
				CD1001C12260234B009FD15D /* stubGetServices.json */,
				CD1001C322602386009FD15D /* stubGetLocations.json */,
			);
			path = Stubs;
			sourceTree = "<group>";
		};
		CD1001C5226024AD009FD15D /* Source */ = {
			isa = PBXGroup;
			children = (
				CDEEB49422604E0D00E01CAE /* SchedulingWidget.swift */,
				CD99C2EB2262CEF500B46AB4 /* SchedulingDataProtocol.swift */,
				CDEEB4AF226061A900E01CAE /* TableCellProtocol.swift */,
				CDEEB4BB2260823F00E01CAE /* Scheduling Step */,
				CD99C2F82262D2BB00B46AB4 /* Clinician */,
				CD99C2F62262D25A00B46AB4 /* Services */,
				CD99C2F72262D26700B46AB4 /* Locations */,
				CD99C2F92262D2C100B46AB4 /* Appointment Time */,
				CD99C2FA2262D2D100B46AB4 /* Your Info */,
				CD10019E226021CE009FD15D /* AppDelegate.swift */,
				CDEEB49222604D7100E01CAE /* LaunchViewController.swift */,
				CD99C2EF2262D09900B46AB4 /* Extensions */,
				CD99C2BE2261ABC700B46AB4 /* Data Layer */,
				CD99C3002262D53900B46AB4 /* SchedulingDetailProtocol.swift */,
				CD99C3022262D56100B46AB4 /* SchedulingDetailCollectionProtocol.swift */,
			);
			path = Source;
			sourceTree = "<group>";
		};
		CD99C2BE2261ABC700B46AB4 /* Data Layer */ = {
			isa = PBXGroup;
			children = (
				CD99C2CD2261B29F00B46AB4 /* Data Manager */,
				CD99C2CE2261B2AF00B46AB4 /* Requests */,
				CD99C2CF2261B2B800B46AB4 /* API Client */,
			);
			path = "Data Layer";
			sourceTree = "<group>";
		};
		CD99C2CD2261B29F00B46AB4 /* Data Manager */ = {
			isa = PBXGroup;
			children = (
				CD99C2BF2261ABDE00B46AB4 /* DataManagerProtocol.swift */,
				CD99C3082263E4BE00B46AB4 /* HybridDataManager.swift */,
				CD99C2C12261ABE800B46AB4 /* RemoteDataManager.swift */,
				CD99C2C32261ABF000B46AB4 /* StubDataManager.swift */,
				CD99C3062263E4B500B46AB4 /* LocalDataManager.swift */,
			);
			path = "Data Manager";
			sourceTree = "<group>";
		};
		CD99C2CE2261B2AF00B46AB4 /* Requests */ = {
			isa = PBXGroup;
			children = (
				CD1001CB226027A4009FD15D /* APIResponseProtocols.swift */,
				CD99C2C52261ABFE00B46AB4 /* Request.swift */,
				CD99C2CB2261B21800B46AB4 /* APIRequestProtocol.swift */,
			);
			path = Requests;
			sourceTree = "<group>";
		};
		CD99C2CF2261B2B800B46AB4 /* API Client */ = {
			isa = PBXGroup;
			children = (
				CD99C2C72261AC0500B46AB4 /* APIClient.swift */,
				CD99C2C92261AC0F00B46AB4 /* APIProtocols.swift */,
			);
			path = "API Client";
			sourceTree = "<group>";
		};
		CD99C2EF2262D09900B46AB4 /* Extensions */ = {
			isa = PBXGroup;
			children = (
				CDEEB4A922605AF600E01CAE /* UIColor+SchedulingWidget.swift */,
				CD99C2F02262D0A900B46AB4 /* Int+TimeInterval.swift */,
				CD99C2F22262D21800B46AB4 /* UICollectionViewCell+Shadow.swift */,
				CD99C2F42262D22700B46AB4 /* UIButton+Format.swift */,
			);
			path = Extensions;
			sourceTree = "<group>";
		};
		CD99C2F62262D25A00B46AB4 /* Services */ = {
			isa = PBXGroup;
			children = (
				CD99C2DA2262985C00B46AB4 /* ServicesCollectionViewController.swift */,
				CDEEB49C226057EC00E01CAE /* ServiceCell.swift */,
				CD1001C7226024E9009FD15D /* Service.swift */,
			);
			path = Services;
			sourceTree = "<group>";
		};
		CD99C2F72262D26700B46AB4 /* Locations */ = {
			isa = PBXGroup;
			children = (
				CD99C2DC226298A800B46AB4 /* LocationsCollectionViewController.swift */,
				CDEEB4A02260581900E01CAE /* LocationCell.swift */,
				CD1001C922602594009FD15D /* Location.swift */,
			);
			path = Locations;
			sourceTree = "<group>";
		};
		CD99C2F82262D2BB00B46AB4 /* Clinician */ = {
			isa = PBXGroup;
			children = (
				CDEEB4BC226086A900E01CAE /* Clinician.swift */,
				CD99C2E12262C19F00B46AB4 /* ClinicianViewController.swift */,
			);
			path = Clinician;
			sourceTree = "<group>";
		};
		CD99C2F92262D2C100B46AB4 /* Appointment Time */ = {
			isa = PBXGroup;
			children = (
				CD99C2FC2262D36A00B46AB4 /* AppointmentTime.swift */,
				CD99C2E32262C1AA00B46AB4 /* DateTimeViewController.swift */,
			);
			path = "Appointment Time";
			sourceTree = "<group>";
		};
		CD99C2FA2262D2D100B46AB4 /* Your Info */ = {
			isa = PBXGroup;
			children = (
				CD99C2ED2262CF2B00B46AB4 /* ClientInfo.swift */,
				CD99C2E52262C1B700B46AB4 /* YourInfoViewController.swift */,
			);
			path = "Your Info";
			sourceTree = "<group>";
		};
		CD99C2FE2262D3F400B46AB4 /* Cells */ = {
			isa = PBXGroup;
			children = (
				CDEEB4B422607F9900E01CAE /* SchedulingStepCell.xib */,
				CDEEB49D226057EC00E01CAE /* ServiceCell.xib */,
				CDEEB4A12260581900E01CAE /* LocationCell.xib */,
			);
			path = Cells;
			sourceTree = "<group>";
		};
		CD99C2FF2262D45700B46AB4 /* Screens */ = {
			isa = PBXGroup;
			children = (
				CD99C2DE2262BC6F00B46AB4 /* ClinicianViewController.storyboard */,
				CD99C2E72262C4F300B46AB4 /* DateTimeViewController.storyboard */,
				CD99C2E92262C76F00B46AB4 /* YourInfoViewController.storyboard */,
			);
			path = Screens;
			sourceTree = "<group>";
		};
		CDEEB4BB2260823F00E01CAE /* Scheduling Step */ = {
			isa = PBXGroup;
			children = (
				CDEEB4B72260820900E01CAE /* SchedulingStep.swift */,
				CDEEB4AD2260610300E01CAE /* SchedulingStepController.swift */,
				CDEEB4A42260582C00E01CAE /* SchedulingStepCell.swift */,
				CDEEB4B92260821300E01CAE /* SchedulingStepViewModel.swift */,
			);
			path = "Scheduling Step";
			sourceTree = "<group>";
		};
/* End PBXGroup section */

/* Begin PBXNativeTarget section */
		CD10019A226021CD009FD15D /* SPScheduling */ = {
			isa = PBXNativeTarget;
			buildConfigurationList = CD1001B8226021CF009FD15D /* Build configuration list for PBXNativeTarget "SPScheduling" */;
			buildPhases = (
				CD100197226021CD009FD15D /* Sources */,
				CD100198226021CD009FD15D /* Frameworks */,
				CD100199226021CD009FD15D /* Resources */,
			);
			buildRules = (
			);
			dependencies = (
			);
			name = SPScheduling;
			productName = SPScheduling;
			productReference = CD10019B226021CD009FD15D /* SPScheduling.app */;
			productType = "com.apple.product-type.application";
		};
		CD1001AE226021CF009FD15D /* SPSchedulingTests */ = {
			isa = PBXNativeTarget;
			buildConfigurationList = CD1001BB226021CF009FD15D /* Build configuration list for PBXNativeTarget "SPSchedulingTests" */;
			buildPhases = (
				CD1001AB226021CF009FD15D /* Sources */,
				CD1001AC226021CF009FD15D /* Frameworks */,
				CD1001AD226021CF009FD15D /* Resources */,
			);
			buildRules = (
			);
			dependencies = (
				CD1001B1226021CF009FD15D /* PBXTargetDependency */,
			);
			name = SPSchedulingTests;
			productName = SPSchedulingTests;
			productReference = CD1001AF226021CF009FD15D /* SPSchedulingTests.xctest */;
			productType = "com.apple.product-type.bundle.unit-test";
		};
/* End PBXNativeTarget section */

/* Begin PBXProject section */
		CD100193226021CD009FD15D /* Project object */ = {
			isa = PBXProject;
			attributes = {
				LastSwiftUpdateCheck = 1010;
				LastUpgradeCheck = 1010;
				ORGANIZATIONNAME = cspantech;
				TargetAttributes = {
					CD10019A226021CD009FD15D = {
						CreatedOnToolsVersion = 10.1;
					};
					CD1001AE226021CF009FD15D = {
						CreatedOnToolsVersion = 10.1;
						TestTargetID = CD10019A226021CD009FD15D;
					};
				};
			};
			buildConfigurationList = CD100196226021CD009FD15D /* Build configuration list for PBXProject "SPScheduling" */;
			compatibilityVersion = "Xcode 9.3";
			developmentRegion = en;
			hasScannedForEncodings = 0;
			knownRegions = (
				en,
				Base,
			);
			mainGroup = CD100192226021CD009FD15D;
			productRefGroup = CD10019C226021CD009FD15D /* Products */;
			projectDirPath = "";
			projectRoot = "";
			targets = (
				CD10019A226021CD009FD15D /* SPScheduling */,
				CD1001AE226021CF009FD15D /* SPSchedulingTests */,
			);
		};
/* End PBXProject section */

/* Begin PBXResourcesBuildPhase section */
		CD100199226021CD009FD15D /* Resources */ = {
			isa = PBXResourcesBuildPhase;
			buildActionMask = 2147483647;
			files = (
				CD1001C422602386009FD15D /* stubGetLocations.json in Resources */,
				CDEEB4A32260581900E01CAE /* LocationCell.xib in Resources */,
				CD1001A9226021CF009FD15D /* LaunchScreen.storyboard in Resources */,
				CD99C2DF2262BC6F00B46AB4 /* ClinicianViewController.storyboard in Resources */,
				CD99C2E82262C4F300B46AB4 /* DateTimeViewController.storyboard in Resources */,
				CDEEB4AC22605D6C00E01CAE /* SchedulingSplitViewController.storyboard in Resources */,
				CD1001A6226021CF009FD15D /* Assets.xcassets in Resources */,
				CD99C2EA2262C76F00B46AB4 /* YourInfoViewController.storyboard in Resources */,
				CD1001C22260234B009FD15D /* stubGetServices.json in Resources */,
				CD1001A4226021CE009FD15D /* Main.storyboard in Resources */,
				CDEEB4B622607F9900E01CAE /* SchedulingStepCell.xib in Resources */,
				CD99C3052263A13300B46AB4 /* Container.storyboard in Resources */,
				CDEEB49F226057EC00E01CAE /* ServiceCell.xib in Resources */,
			);
			runOnlyForDeploymentPostprocessing = 0;
		};
		CD1001AD226021CF009FD15D /* Resources */ = {
			isa = PBXResourcesBuildPhase;
			buildActionMask = 2147483647;
			files = (
			);
			runOnlyForDeploymentPostprocessing = 0;
		};
/* End PBXResourcesBuildPhase section */

/* Begin PBXSourcesBuildPhase section */
		CD100197226021CD009FD15D /* Sources */ = {
			isa = PBXSourcesBuildPhase;
			buildActionMask = 2147483647;
			files = (
				CDEEB4BA2260821300E01CAE /* SchedulingStepViewModel.swift in Sources */,
				CD99C2C02261ABDE00B46AB4 /* DataManagerProtocol.swift in Sources */,
				CDEEB4B0226061A900E01CAE /* TableCellProtocol.swift in Sources */,
				CD99C2EC2262CEF500B46AB4 /* SchedulingDataProtocol.swift in Sources */,
				CD99C2E22262C19F00B46AB4 /* ClinicianViewController.swift in Sources */,
				CD99C2DD226298A800B46AB4 /* LocationsCollectionViewController.swift in Sources */,
				CD99C2F52262D22700B46AB4 /* UIButton+Format.swift in Sources */,
				CD1001CC226027A4009FD15D /* APIResponseProtocols.swift in Sources */,
				CD99C2C42261ABF000B46AB4 /* StubDataManager.swift in Sources */,
				CDEEB4B82260820900E01CAE /* SchedulingStep.swift in Sources */,
				CDEEB49322604D7100E01CAE /* LaunchViewController.swift in Sources */,
				CD99C2C82261AC0500B46AB4 /* APIClient.swift in Sources */,
				CDEEB49522604E0D00E01CAE /* SchedulingWidget.swift in Sources */,
				CD99C2E62262C1B700B46AB4 /* YourInfoViewController.swift in Sources */,
				CDEEB4AA22605AF600E01CAE /* UIColor+SchedulingWidget.swift in Sources */,
				CDEEB4AE2260610300E01CAE /* SchedulingStepController.swift in Sources */,
				CD99C3072263E4B500B46AB4 /* LocalDataManager.swift in Sources */,
				CDEEB49E226057EC00E01CAE /* ServiceCell.swift in Sources */,
				CD10019F226021CE009FD15D /* AppDelegate.swift in Sources */,
				CD99C2CA2261AC0F00B46AB4 /* APIProtocols.swift in Sources */,
				CD99C2DB2262985C00B46AB4 /* ServicesCollectionViewController.swift in Sources */,
				CD99C2FD2262D36A00B46AB4 /* AppointmentTime.swift in Sources */,
				CD99C2EE2262CF2B00B46AB4 /* ClientInfo.swift in Sources */,
				CDEEB4A62260582C00E01CAE /* SchedulingStepCell.swift in Sources */,
				CD1001CA22602594009FD15D /* Location.swift in Sources */,
				CD99C3092263E4BE00B46AB4 /* HybridDataManager.swift in Sources */,
				CD99C2F32262D21800B46AB4 /* UICollectionViewCell+Shadow.swift in Sources */,
				CD99C2CC2261B21800B46AB4 /* APIRequestProtocol.swift in Sources */,
				CD99C3032262D56100B46AB4 /* SchedulingDetailCollectionProtocol.swift in Sources */,
				CDEEB4BD226086A900E01CAE /* Clinician.swift in Sources */,
				CD99C3012262D53900B46AB4 /* SchedulingDetailProtocol.swift in Sources */,
				CD99C2C22261ABE800B46AB4 /* RemoteDataManager.swift in Sources */,
				CD99C2D32261D68D00B46AB4 /* SchedulingSplitViewContoller.swift in Sources */,
				CD99C2F12262D0A900B46AB4 /* Int+TimeInterval.swift in Sources */,
				CD99C2C62261ABFE00B46AB4 /* Request.swift in Sources */,
				CDEEB4A22260581900E01CAE /* LocationCell.swift in Sources */,
				CD1001C8226024E9009FD15D /* Service.swift in Sources */,
				CD99C2E42262C1AA00B46AB4 /* DateTimeViewController.swift in Sources */,
			);
			runOnlyForDeploymentPostprocessing = 0;
		};
		CD1001AB226021CF009FD15D /* Sources */ = {
			isa = PBXSourcesBuildPhase;
			buildActionMask = 2147483647;
			files = (
				CD1001B4226021CF009FD15D /* SPSchedulingTests.swift in Sources */,
			);
			runOnlyForDeploymentPostprocessing = 0;
		};
/* End PBXSourcesBuildPhase section */

/* Begin PBXTargetDependency section */
		CD1001B1226021CF009FD15D /* PBXTargetDependency */ = {
			isa = PBXTargetDependency;
			target = CD10019A226021CD009FD15D /* SPScheduling */;
			targetProxy = CD1001B0226021CF009FD15D /* PBXContainerItemProxy */;
		};
/* End PBXTargetDependency section */

/* Begin PBXVariantGroup section */
		CD1001A2226021CE009FD15D /* Main.storyboard */ = {
			isa = PBXVariantGroup;
			children = (
				CD1001A3226021CE009FD15D /* Base */,
			);
			name = Main.storyboard;
			sourceTree = "<group>";
		};
		CD1001A7226021CF009FD15D /* LaunchScreen.storyboard */ = {
			isa = PBXVariantGroup;
			children = (
				CD1001A8226021CF009FD15D /* Base */,
			);
			name = LaunchScreen.storyboard;
			sourceTree = "<group>";
		};
/* End PBXVariantGroup section */

/* Begin XCBuildConfiguration section */
		CD1001B6226021CF009FD15D /* Debug */ = {
			isa = XCBuildConfiguration;
			buildSettings = {
				ALWAYS_SEARCH_USER_PATHS = NO;
				CLANG_ANALYZER_NONNULL = YES;
				CLANG_ANALYZER_NUMBER_OBJECT_CONVERSION = YES_AGGRESSIVE;
				CLANG_CXX_LANGUAGE_STANDARD = "gnu++14";
				CLANG_CXX_LIBRARY = "libc++";
				CLANG_ENABLE_MODULES = YES;
				CLANG_ENABLE_OBJC_ARC = YES;
				CLANG_ENABLE_OBJC_WEAK = YES;
				CLANG_WARN_BLOCK_CAPTURE_AUTORELEASING = YES;
				CLANG_WARN_BOOL_CONVERSION = YES;
				CLANG_WARN_COMMA = YES;
				CLANG_WARN_CONSTANT_CONVERSION = YES;
				CLANG_WARN_DEPRECATED_OBJC_IMPLEMENTATIONS = YES;
				CLANG_WARN_DIRECT_OBJC_ISA_USAGE = YES_ERROR;
				CLANG_WARN_DOCUMENTATION_COMMENTS = YES;
				CLANG_WARN_EMPTY_BODY = YES;
				CLANG_WARN_ENUM_CONVERSION = YES;
				CLANG_WARN_INFINITE_RECURSION = YES;
				CLANG_WARN_INT_CONVERSION = YES;
				CLANG_WARN_NON_LITERAL_NULL_CONVERSION = YES;
				CLANG_WARN_OBJC_IMPLICIT_RETAIN_SELF = YES;
				CLANG_WARN_OBJC_LITERAL_CONVERSION = YES;
				CLANG_WARN_OBJC_ROOT_CLASS = YES_ERROR;
				CLANG_WARN_RANGE_LOOP_ANALYSIS = YES;
				CLANG_WARN_STRICT_PROTOTYPES = YES;
				CLANG_WARN_SUSPICIOUS_MOVE = YES;
				CLANG_WARN_UNGUARDED_AVAILABILITY = YES_AGGRESSIVE;
				CLANG_WARN_UNREACHABLE_CODE = YES;
				CLANG_WARN__DUPLICATE_METHOD_MATCH = YES;
				CODE_SIGN_IDENTITY = "iPhone Developer";
				COPY_PHASE_STRIP = NO;
				DEBUG_INFORMATION_FORMAT = dwarf;
				ENABLE_STRICT_OBJC_MSGSEND = YES;
				ENABLE_TESTABILITY = YES;
				GCC_C_LANGUAGE_STANDARD = gnu11;
				GCC_DYNAMIC_NO_PIC = NO;
				GCC_NO_COMMON_BLOCKS = YES;
				GCC_OPTIMIZATION_LEVEL = 0;
				GCC_PREPROCESSOR_DEFINITIONS = (
					"DEBUG=1",
					"$(inherited)",
				);
				GCC_WARN_64_TO_32_BIT_CONVERSION = YES;
				GCC_WARN_ABOUT_RETURN_TYPE = YES_ERROR;
				GCC_WARN_UNDECLARED_SELECTOR = YES;
				GCC_WARN_UNINITIALIZED_AUTOS = YES_AGGRESSIVE;
				GCC_WARN_UNUSED_FUNCTION = YES;
				GCC_WARN_UNUSED_VARIABLE = YES;
				IPHONEOS_DEPLOYMENT_TARGET = 12.1;
				MTL_ENABLE_DEBUG_INFO = INCLUDE_SOURCE;
				MTL_FAST_MATH = YES;
				ONLY_ACTIVE_ARCH = YES;
				SDKROOT = iphoneos;
				SWIFT_ACTIVE_COMPILATION_CONDITIONS = DEBUG;
				SWIFT_OPTIMIZATION_LEVEL = "-Onone";
			};
			name = Debug;
		};
		CD1001B7226021CF009FD15D /* Release */ = {
			isa = XCBuildConfiguration;
			buildSettings = {
				ALWAYS_SEARCH_USER_PATHS = NO;
				CLANG_ANALYZER_NONNULL = YES;
				CLANG_ANALYZER_NUMBER_OBJECT_CONVERSION = YES_AGGRESSIVE;
				CLANG_CXX_LANGUAGE_STANDARD = "gnu++14";
				CLANG_CXX_LIBRARY = "libc++";
				CLANG_ENABLE_MODULES = YES;
				CLANG_ENABLE_OBJC_ARC = YES;
				CLANG_ENABLE_OBJC_WEAK = YES;
				CLANG_WARN_BLOCK_CAPTURE_AUTORELEASING = YES;
				CLANG_WARN_BOOL_CONVERSION = YES;
				CLANG_WARN_COMMA = YES;
				CLANG_WARN_CONSTANT_CONVERSION = YES;
				CLANG_WARN_DEPRECATED_OBJC_IMPLEMENTATIONS = YES;
				CLANG_WARN_DIRECT_OBJC_ISA_USAGE = YES_ERROR;
				CLANG_WARN_DOCUMENTATION_COMMENTS = YES;
				CLANG_WARN_EMPTY_BODY = YES;
				CLANG_WARN_ENUM_CONVERSION = YES;
				CLANG_WARN_INFINITE_RECURSION = YES;
				CLANG_WARN_INT_CONVERSION = YES;
				CLANG_WARN_NON_LITERAL_NULL_CONVERSION = YES;
				CLANG_WARN_OBJC_IMPLICIT_RETAIN_SELF = YES;
				CLANG_WARN_OBJC_LITERAL_CONVERSION = YES;
				CLANG_WARN_OBJC_ROOT_CLASS = YES_ERROR;
				CLANG_WARN_RANGE_LOOP_ANALYSIS = YES;
				CLANG_WARN_STRICT_PROTOTYPES = YES;
				CLANG_WARN_SUSPICIOUS_MOVE = YES;
				CLANG_WARN_UNGUARDED_AVAILABILITY = YES_AGGRESSIVE;
				CLANG_WARN_UNREACHABLE_CODE = YES;
				CLANG_WARN__DUPLICATE_METHOD_MATCH = YES;
				CODE_SIGN_IDENTITY = "iPhone Developer";
				COPY_PHASE_STRIP = NO;
				DEBUG_INFORMATION_FORMAT = "dwarf-with-dsym";
				ENABLE_NS_ASSERTIONS = NO;
				ENABLE_STRICT_OBJC_MSGSEND = YES;
				GCC_C_LANGUAGE_STANDARD = gnu11;
				GCC_NO_COMMON_BLOCKS = YES;
				GCC_WARN_64_TO_32_BIT_CONVERSION = YES;
				GCC_WARN_ABOUT_RETURN_TYPE = YES_ERROR;
				GCC_WARN_UNDECLARED_SELECTOR = YES;
				GCC_WARN_UNINITIALIZED_AUTOS = YES_AGGRESSIVE;
				GCC_WARN_UNUSED_FUNCTION = YES;
				GCC_WARN_UNUSED_VARIABLE = YES;
				IPHONEOS_DEPLOYMENT_TARGET = 12.1;
				MTL_ENABLE_DEBUG_INFO = NO;
				MTL_FAST_MATH = YES;
				SDKROOT = iphoneos;
				SWIFT_COMPILATION_MODE = wholemodule;
				SWIFT_OPTIMIZATION_LEVEL = "-O";
				VALIDATE_PRODUCT = YES;
			};
			name = Release;
		};
		CD1001B9226021CF009FD15D /* Debug */ = {
			isa = XCBuildConfiguration;
			buildSettings = {
				ASSETCATALOG_COMPILER_APPICON_NAME = AppIcon;
				CODE_SIGN_STYLE = Manual;
				DEVELOPMENT_TEAM = "";
				INFOPLIST_FILE = SPScheduling/Info.plist;
				LD_RUNPATH_SEARCH_PATHS = (
					"$(inherited)",
					"@executable_path/Frameworks",
				);
				PRODUCT_BUNDLE_IDENTIFIER = com.cspan.SPScheduling;
				PRODUCT_NAME = "$(TARGET_NAME)";
				PROVISIONING_PROFILE_SPECIFIER = "";
				SWIFT_VERSION = 4.2;
				TARGETED_DEVICE_FAMILY = "1,2";
			};
			name = Debug;
		};
		CD1001BA226021CF009FD15D /* Release */ = {
			isa = XCBuildConfiguration;
			buildSettings = {
				ASSETCATALOG_COMPILER_APPICON_NAME = AppIcon;
				CODE_SIGN_STYLE = Manual;
				DEVELOPMENT_TEAM = "";
				INFOPLIST_FILE = SPScheduling/Info.plist;
				LD_RUNPATH_SEARCH_PATHS = (
					"$(inherited)",
					"@executable_path/Frameworks",
				);
				PRODUCT_BUNDLE_IDENTIFIER = com.cspan.SPScheduling;
				PRODUCT_NAME = "$(TARGET_NAME)";
				PROVISIONING_PROFILE_SPECIFIER = "";
				SWIFT_VERSION = 4.2;
				TARGETED_DEVICE_FAMILY = "1,2";
			};
			name = Release;
		};
		CD1001BC226021CF009FD15D /* Debug */ = {
			isa = XCBuildConfiguration;
			buildSettings = {
				ALWAYS_EMBED_SWIFT_STANDARD_LIBRARIES = YES;
				BUNDLE_LOADER = "$(TEST_HOST)";
				CODE_SIGN_STYLE = Automatic;
				DEVELOPMENT_TEAM = 4DTZJF4FB5;
				INFOPLIST_FILE = SPSchedulingTests/Info.plist;
				LD_RUNPATH_SEARCH_PATHS = (
					"$(inherited)",
					"@executable_path/Frameworks",
					"@loader_path/Frameworks",
				);
				PRODUCT_BUNDLE_IDENTIFIER = com.cspan.SPSchedulingTests;
				PRODUCT_NAME = "$(TARGET_NAME)";
				SWIFT_VERSION = 4.2;
				TARGETED_DEVICE_FAMILY = "1,2";
				TEST_HOST = "$(BUILT_PRODUCTS_DIR)/SPScheduling.app/SPScheduling";
			};
			name = Debug;
		};
		CD1001BD226021CF009FD15D /* Release */ = {
			isa = XCBuildConfiguration;
			buildSettings = {
				ALWAYS_EMBED_SWIFT_STANDARD_LIBRARIES = YES;
				BUNDLE_LOADER = "$(TEST_HOST)";
				CODE_SIGN_STYLE = Automatic;
				DEVELOPMENT_TEAM = 4DTZJF4FB5;
				INFOPLIST_FILE = SPSchedulingTests/Info.plist;
				LD_RUNPATH_SEARCH_PATHS = (
					"$(inherited)",
					"@executable_path/Frameworks",
					"@loader_path/Frameworks",
				);
				PRODUCT_BUNDLE_IDENTIFIER = com.cspan.SPSchedulingTests;
				PRODUCT_NAME = "$(TARGET_NAME)";
				SWIFT_VERSION = 4.2;
				TARGETED_DEVICE_FAMILY = "1,2";
				TEST_HOST = "$(BUILT_PRODUCTS_DIR)/SPScheduling.app/SPScheduling";
			};
			name = Release;
		};
/* End XCBuildConfiguration section */

/* Begin XCConfigurationList section */
		CD100196226021CD009FD15D /* Build configuration list for PBXProject "SPScheduling" */ = {
			isa = XCConfigurationList;
			buildConfigurations = (
				CD1001B6226021CF009FD15D /* Debug */,
				CD1001B7226021CF009FD15D /* Release */,
			);
			defaultConfigurationIsVisible = 0;
			defaultConfigurationName = Release;
		};
		CD1001B8226021CF009FD15D /* Build configuration list for PBXNativeTarget "SPScheduling" */ = {
			isa = XCConfigurationList;
			buildConfigurations = (
				CD1001B9226021CF009FD15D /* Debug */,
				CD1001BA226021CF009FD15D /* Release */,
			);
			defaultConfigurationIsVisible = 0;
			defaultConfigurationName = Release;
		};
		CD1001BB226021CF009FD15D /* Build configuration list for PBXNativeTarget "SPSchedulingTests" */ = {
			isa = XCConfigurationList;
			buildConfigurations = (
				CD1001BC226021CF009FD15D /* Debug */,
				CD1001BD226021CF009FD15D /* Release */,
			);
			defaultConfigurationIsVisible = 0;
			defaultConfigurationName = Release;
		};
/* End XCConfigurationList section */
	};
	rootObject = CD100193226021CD009FD15D /* Project object */;
}
